lockfileVersion: '9.0'

settings:
  autoInstallPeers: true
  excludeLinksFromLockfile: false

importers:

  .:
    dependencies:
      libphonenumber-js:
        specifier: 1.13.9
        version: 1.13.9

packages:

  libphonenumber-js@1.13.9:
    resolution: {integrity: sha512-VNS5vWMM7r0P66BYv+TQJATxExEgLxN+34hfHDVhDkUsGAE4cRg0shCNSLTXNKm7nIUscC7AfB51TjxEeF7msQ==}

snapshots:

  libphonenumber-js@1.13.9: {}
